
Microsoft Visual Studio Solution File, Format Version 12.00
# Visual Studio Version 16
VisualStudioVersion = 16.0.808.3
MinimumVisualStudioVersion = 10.0.40219.1
Project("{FAE04EC0-301F-11D3-BF4B-00C04F79EFBC}") = "MarkIt", "MarkIt\MarkIt.csproj", "{555BF738-B5A2-4E9F-946D-6BACA4378E43}"
EndProject
Global
	GlobalSection(SolutionConfigurationPlatforms) = preSolution
		Debug|Any CPU = Debug|Any CPU
		Release|Any CPU = Release|Any CPU
	EndGlobalSection
	GlobalSection(ProjectConfigurationPlatforms) = postSolution
		{555BF738-B5A2-4E9F-946D-6BACA4378E43}.Debug|Any CPU.ActiveCfg = Debug|Any CPU
		{555BF738-B5A2-4E9F-946D-6BACA4378E43}.Debug|Any CPU.Build.0 = Debug|Any CPU
		{555BF738-B5A2-4E9F-946D-6BACA4378E43}.Release|Any CPU.ActiveCfg = Release|Any CPU
		{555BF738-B5A2-4E9F-946D-6BACA4378E43}.Release|Any CPU.Build.0 = Release|Any CPU
	EndGlobalSection
	GlobalSection(SolutionProperties) = preSolution
		HideSolutionNode = FALSE
	EndGlobalSection
	GlobalSection(ExtensibilityGlobals) = postSolution
		SolutionGuid = {E3572E4B-2C33-4D6D-8F16-D9598244FBD4}
	EndGlobalSection
EndGlobal
